// !$*UTF8*$!
{
	archiveVersion = 1;
	classes = {
	};
	objectVersion = 56;
	objects = {

/* Begin PBXBuildFile section */
		E3FAE16F125242BD97EC6D80 /* AppState.swift in Sources */ = {isa = PBXBuildFile; fileRef = 19D9EAE0D911440F8BFAF48E /* AppState.swift */; };
		4A7E826A244F4035821BAE82 /* DreamTweaksApp.swift in Sources */ = {isa = PBXBuildFile; fileRef = ADEF0E9471284018B23D3C35 /* DreamTweaksApp.swift */; };
		EA57228127654AA7AED46452 /* MainTabView.swift in Sources */ = {isa = PBXBuildFile; fileRef = F3FAEB755B2949E9A25404E2 /* MainTabView.swift */; };
		D990980ACD8140B18DDBD4AB /* AppearanceMode.swift in Sources */ = {isa = PBXBuildFile; fileRef = CB0982DB071146F885CDD0C2 /* AppearanceMode.swift */; };
		AB0C04BF657B431DBF270AFA /* FingerprintModels.swift in Sources */ = {isa = PBXBuildFile; fileRef = 9A7B879D23474EE6A35C5B4C /* FingerprintModels.swift */; };
		3F6DB578771B4C97A790957E /* PeninsulaModels.swift in Sources */ = {isa = PBXBuildFile; fileRef = CC7DE621C2FD45B18D68CA3E /* PeninsulaModels.swift */; };
		4A7C01DFF8B242ABB29B5743 /* PreferencesModels.swift in Sources */ = {isa = PBXBuildFile; fileRef = 968EB2C1A151414FAF095D1B /* PreferencesModels.swift */; };
		14B12510AB3348FE83992B0D /* SecondSpaceModels.swift in Sources */ = {isa = PBXBuildFile; fileRef = 4D8AABE17FAE402FA105AB8F /* SecondSpaceModels.swift */; };
		C02793BCCCF048848296ACE8 /* DynamicPeninsulaEngine.swift in Sources */ = {isa = PBXBuildFile; fileRef = 51A16CD839294EBA9A017DAE /* DynamicPeninsulaEngine.swift */; };
		DA15EFEF95ED4C26AA343951 /* HapticsService.swift in Sources */ = {isa = PBXBuildFile; fileRef = 74744D04FA5C4879A169EAB0 /* HapticsService.swift */; };
		F70A8839DED946398D59E654 /* MockFingerprintManager.swift in Sources */ = {isa = PBXBuildFile; fileRef = F4707E4D1DE243BB9B6972CD /* MockFingerprintManager.swift */; };
		CEBFBA98EA16461FBEF7E2C2 /* SecondSpaceEngine.swift in Sources */ = {isa = PBXBuildFile; fileRef = 977A0478784B4F2AB7E5E17F /* SecondSpaceEngine.swift */; };
		432886AB11504AB78F9D8690 /* SimulatedSystemEventService.swift in Sources */ = {isa = PBXBuildFile; fileRef = 1272C8F3F8544C0FB242A9DF /* SimulatedSystemEventService.swift */; };
		8EF2B3329F5A4E7C90B0E835 /* SystemIntegrationEngine.swift in Sources */ = {isa = PBXBuildFile; fileRef = F0532E832A3742BDB9A90064 /* SystemIntegrationEngine.swift */; };
		4F4809FDFAE54456BE5EB41A /* PreferencesStore.swift in Sources */ = {isa = PBXBuildFile; fileRef = 06079183F22C42DB8B63745A /* PreferencesStore.swift */; };
		51A0C6227D254A76BBA87F4D /* DeviceLayout.swift in Sources */ = {isa = PBXBuildFile; fileRef = A6152447FB684CE4BB57BB72 /* DeviceLayout.swift */; };
		1180956019F8461CB84610D6 /* DynamicPeninsulaOverlay.swift in Sources */ = {isa = PBXBuildFile; fileRef = 04CAEEF86D6A4E05B18C3590 /* DynamicPeninsulaOverlay.swift */; };
		AC08C6D5068C437E9465AC98 /* FingerprintTestSensorView.swift in Sources */ = {isa = PBXBuildFile; fileRef = 39984EC2D7644380AA3AB02E /* FingerprintTestSensorView.swift */; };
		7080B726FE6D4739BB2AADB1 /* LockScreenDemoView.swift in Sources */ = {isa = PBXBuildFile; fileRef = 1C9A0C35950541C1BE134ADE /* LockScreenDemoView.swift */; };
		421ADD0B23484EBD8843AC19 /* MockFingerprintSensor.swift in Sources */ = {isa = PBXBuildFile; fileRef = DE3971CDB74C44C78ED6F95C /* MockFingerprintSensor.swift */; };
		5F63F5150DE04CEBA3A9DB54 /* MockFingerprintView.swift in Sources */ = {isa = PBXBuildFile; fileRef = DEB79A1632AB480EAC7852EF /* MockFingerprintView.swift */; };
		43DC64E93DEB40B3B6CE8423 /* SensorPositionEditorView.swift in Sources */ = {isa = PBXBuildFile; fileRef = 1C020C0682334DB7ABCE7461 /* SensorPositionEditorView.swift */; };
		A90D161833FA4890861DE267 /* HomeView.swift in Sources */ = {isa = PBXBuildFile; fileRef = BCE9E810395D43298352BE95 /* HomeView.swift */; };
		77F2556488C042AF8CE5730D /* SecondSpaceView.swift in Sources */ = {isa = PBXBuildFile; fileRef = 88D1280CB6DD46D9A9A5103D /* SecondSpaceView.swift */; };
		400A7EFB89654362BE604F69 /* AnimationSettingsView.swift in Sources */ = {isa = PBXBuildFile; fileRef = A6555FE1B6B647E9A6F0A71D /* AnimationSettingsView.swift */; };
		E42E218267334580861C3033 /* AppearanceSettingsView.swift in Sources */ = {isa = PBXBuildFile; fileRef = 68AB42ACEAD94A859E972682 /* AppearanceSettingsView.swift */; };
		8362F9C6EF7344D09FAC174C /* DynamicPeninsulaSettingsView.swift in Sources */ = {isa = PBXBuildFile; fileRef = 27028841CDED49DF88C739B8 /* DynamicPeninsulaSettingsView.swift */; };
		790ECE0A45064A0E8959DE77 /* FingerprintSettingsView.swift in Sources */ = {isa = PBXBuildFile; fileRef = 666B86EE26374DF697E01D7E /* FingerprintSettingsView.swift */; };
		3A1B41569B0C47B5A5D71D18 /* PrivacySettingsView.swift in Sources */ = {isa = PBXBuildFile; fileRef = F53EFA8AEA814B72A1F8F85D /* PrivacySettingsView.swift */; };
		0B4D00CDDBA94574B9A61351 /* SecondSpaceSettingsView.swift in Sources */ = {isa = PBXBuildFile; fileRef = 0170F752F1214989B8B38E2E /* SecondSpaceSettingsView.swift */; };
		609CB83FE4494C0EA0E78193 /* SettingsRootView.swift in Sources */ = {isa = PBXBuildFile; fileRef = 7F3BA2DCF73549E5A5D185BA /* SettingsRootView.swift */; };
		5A091BFC0E77492B806A5253 /* SetupFlowView.swift in Sources */ = {isa = PBXBuildFile; fileRef = 17C7A23D9BDC49E5B749C316 /* SetupFlowView.swift */; };
		7A9C33C15ECF45B3A06B3463 /* SetupPages.swift in Sources */ = {isa = PBXBuildFile; fileRef = 9631134BDD6D4C618C69F4B0 /* SetupPages.swift */; };
		D66EF496659C4029BDB54DEF /* TestLabView.swift in Sources */ = {isa = PBXBuildFile; fileRef = E1E7BE9D0BA54A859226F03E /* TestLabView.swift */; };
		D9180B9639D34B29B06706E1 /* DynamicPeninsulaEngineTests.swift in Sources */ = {isa = PBXBuildFile; fileRef = F04D9B82503243CAA8196564 /* DynamicPeninsulaEngineTests.swift */; };
		DC4BCB3DB59D4D68A113A467 /* MockFingerprintManagerTests.swift in Sources */ = {isa = PBXBuildFile; fileRef = FDCB674CE2AE43D9AA256FEE /* MockFingerprintManagerTests.swift */; };
		824249461CF544D9B56CE7DB /* PreferencesStoreTests.swift in Sources */ = {isa = PBXBuildFile; fileRef = 344EA71571584F2C920DA6F4 /* PreferencesStoreTests.swift */; };
		8E1CEF52F9CF4E959E5A717E /* SecondSpaceEngineTests.swift in Sources */ = {isa = PBXBuildFile; fileRef = 73EC2F64DFE64FEEB98B8DBD /* SecondSpaceEngineTests.swift */; };
		3438AF9970FE48E1A273A73F /* SystemIntegrationEngineTests.swift in Sources */ = {isa = PBXBuildFile; fileRef = B3A7C5E5095346EFB1EE5C47 /* SystemIntegrationEngineTests.swift */; };
		88EDDAE2CCF3415CA99D37FE /* Assets.xcassets in Resources */ = {isa = PBXBuildFile; fileRef = 02521CAC254B4569A7A715FF /* Assets.xcassets */; };
/* End PBXBuildFile section */

/* Begin PBXContainerItemProxy section */
		9392E71785CA4F1C9C13AB1C /* PBXContainerItemProxy */ = {
			isa = PBXContainerItemProxy;
			containerPortal = 58B3C73E0F874521952B2A33 /* Project object */;
			proxyType = 1;
			remoteGlobalIDString = E24045005D4C428F8A29C5FA;
			remoteInfo = DreamTweaks;
		};
/* End PBXContainerItemProxy section */

/* Begin PBXFileReference section */
		19D9EAE0D911440F8BFAF48E /* AppState.swift */ = {isa = PBXFileReference; lastKnownFileType = sourcecode.swift; path = AppState.swift; sourceTree = "<group>"; };
		ADEF0E9471284018B23D3C35 /* DreamTweaksApp.swift */ = {isa = PBXFileReference; lastKnownFileType = sourcecode.swift; path = DreamTweaksApp.swift; sourceTree = "<group>"; };
		F3FAEB755B2949E9A25404E2 /* MainTabView.swift */ = {isa = PBXFileReference; lastKnownFileType = sourcecode.swift; path = MainTabView.swift; sourceTree = "<group>"; };
		CB0982DB071146F885CDD0C2 /* AppearanceMode.swift */ = {isa = PBXFileReference; lastKnownFileType = sourcecode.swift; path = AppearanceMode.swift; sourceTree = "<group>"; };
		9A7B879D23474EE6A35C5B4C /* FingerprintModels.swift */ = {isa = PBXFileReference; lastKnownFileType = sourcecode.swift; path = FingerprintModels.swift; sourceTree = "<group>"; };
		CC7DE621C2FD45B18D68CA3E /* PeninsulaModels.swift */ = {isa = PBXFileReference; lastKnownFileType = sourcecode.swift; path = PeninsulaModels.swift; sourceTree = "<group>"; };
		968EB2C1A151414FAF095D1B /* PreferencesModels.swift */ = {isa = PBXFileReference; lastKnownFileType = sourcecode.swift; path = PreferencesModels.swift; sourceTree = "<group>"; };
		4D8AABE17FAE402FA105AB8F /* SecondSpaceModels.swift */ = {isa = PBXFileReference; lastKnownFileType = sourcecode.swift; path = SecondSpaceModels.swift; sourceTree = "<group>"; };
		51A16CD839294EBA9A017DAE /* DynamicPeninsulaEngine.swift */ = {isa = PBXFileReference; lastKnownFileType = sourcecode.swift; path = DynamicPeninsulaEngine.swift; sourceTree = "<group>"; };
		74744D04FA5C4879A169EAB0 /* HapticsService.swift */ = {isa = PBXFileReference; lastKnownFileType = sourcecode.swift; path = HapticsService.swift; sourceTree = "<group>"; };
		F4707E4D1DE243BB9B6972CD /* MockFingerprintManager.swift */ = {isa = PBXFileReference; lastKnownFileType = sourcecode.swift; path = MockFingerprintManager.swift; sourceTree = "<group>"; };
		977A0478784B4F2AB7E5E17F /* SecondSpaceEngine.swift */ = {isa = PBXFileReference; lastKnownFileType = sourcecode.swift; path = SecondSpaceEngine.swift; sourceTree = "<group>"; };
		1272C8F3F8544C0FB242A9DF /* SimulatedSystemEventService.swift */ = {isa = PBXFileReference; lastKnownFileType = sourcecode.swift; path = SimulatedSystemEventService.swift; sourceTree = "<group>"; };
		F0532E832A3742BDB9A90064 /* SystemIntegrationEngine.swift */ = {isa = PBXFileReference; lastKnownFileType = sourcecode.swift; path = SystemIntegrationEngine.swift; sourceTree = "<group>"; };
		06079183F22C42DB8B63745A /* PreferencesStore.swift */ = {isa = PBXFileReference; lastKnownFileType = sourcecode.swift; path = PreferencesStore.swift; sourceTree = "<group>"; };
		A6152447FB684CE4BB57BB72 /* DeviceLayout.swift */ = {isa = PBXFileReference; lastKnownFileType = sourcecode.swift; path = DeviceLayout.swift; sourceTree = "<group>"; };
		04CAEEF86D6A4E05B18C3590 /* DynamicPeninsulaOverlay.swift */ = {isa = PBXFileReference; lastKnownFileType = sourcecode.swift; path = DynamicPeninsulaOverlay.swift; sourceTree = "<group>"; };
		39984EC2D7644380AA3AB02E /* FingerprintTestSensorView.swift */ = {isa = PBXFileReference; lastKnownFileType = sourcecode.swift; path = FingerprintTestSensorView.swift; sourceTree = "<group>"; };
		1C9A0C35950541C1BE134ADE /* LockScreenDemoView.swift */ = {isa = PBXFileReference; lastKnownFileType = sourcecode.swift; path = LockScreenDemoView.swift; sourceTree = "<group>"; };
		DE3971CDB74C44C78ED6F95C /* MockFingerprintSensor.swift */ = {isa = PBXFileReference; lastKnownFileType = sourcecode.swift; path = MockFingerprintSensor.swift; sourceTree = "<group>"; };
		DEB79A1632AB480EAC7852EF /* MockFingerprintView.swift */ = {isa = PBXFileReference; lastKnownFileType = sourcecode.swift; path = MockFingerprintView.swift; sourceTree = "<group>"; };
		1C020C0682334DB7ABCE7461 /* SensorPositionEditorView.swift */ = {isa = PBXFileReference; lastKnownFileType = sourcecode.swift; path = SensorPositionEditorView.swift; sourceTree = "<group>"; };
		BCE9E810395D43298352BE95 /* HomeView.swift */ = {isa = PBXFileReference; lastKnownFileType = sourcecode.swift; path = HomeView.swift; sourceTree = "<group>"; };
		88D1280CB6DD46D9A9A5103D /* SecondSpaceView.swift */ = {isa = PBXFileReference; lastKnownFileType = sourcecode.swift; path = SecondSpaceView.swift; sourceTree = "<group>"; };
		A6555FE1B6B647E9A6F0A71D /* AnimationSettingsView.swift */ = {isa = PBXFileReference; lastKnownFileType = sourcecode.swift; path = AnimationSettingsView.swift; sourceTree = "<group>"; };
		68AB42ACEAD94A859E972682 /* AppearanceSettingsView.swift */ = {isa = PBXFileReference; lastKnownFileType = sourcecode.swift; path = AppearanceSettingsView.swift; sourceTree = "<group>"; };
		27028841CDED49DF88C739B8 /* DynamicPeninsulaSettingsView.swift */ = {isa = PBXFileReference; lastKnownFileType = sourcecode.swift; path = DynamicPeninsulaSettingsView.swift; sourceTree = "<group>"; };
		666B86EE26374DF697E01D7E /* FingerprintSettingsView.swift */ = {isa = PBXFileReference; lastKnownFileType = sourcecode.swift; path = FingerprintSettingsView.swift; sourceTree = "<group>"; };
		F53EFA8AEA814B72A1F8F85D /* PrivacySettingsView.swift */ = {isa = PBXFileReference; lastKnownFileType = sourcecode.swift; path = PrivacySettingsView.swift; sourceTree = "<group>"; };
		0170F752F1214989B8B38E2E /* SecondSpaceSettingsView.swift */ = {isa = PBXFileReference; lastKnownFileType = sourcecode.swift; path = SecondSpaceSettingsView.swift; sourceTree = "<group>"; };
		7F3BA2DCF73549E5A5D185BA /* SettingsRootView.swift */ = {isa = PBXFileReference; lastKnownFileType = sourcecode.swift; path = SettingsRootView.swift; sourceTree = "<group>"; };
		17C7A23D9BDC49E5B749C316 /* SetupFlowView.swift */ = {isa = PBXFileReference; lastKnownFileType = sourcecode.swift; path = SetupFlowView.swift; sourceTree = "<group>"; };
		9631134BDD6D4C618C69F4B0 /* SetupPages.swift */ = {isa = PBXFileReference; lastKnownFileType = sourcecode.swift; path = SetupPages.swift; sourceTree = "<group>"; };
		E1E7BE9D0BA54A859226F03E /* TestLabView.swift */ = {isa = PBXFileReference; lastKnownFileType = sourcecode.swift; path = TestLabView.swift; sourceTree = "<group>"; };
		F04D9B82503243CAA8196564 /* DynamicPeninsulaEngineTests.swift */ = {isa = PBXFileReference; lastKnownFileType = sourcecode.swift; path = DynamicPeninsulaEngineTests.swift; sourceTree = "<group>"; };
		FDCB674CE2AE43D9AA256FEE /* MockFingerprintManagerTests.swift */ = {isa = PBXFileReference; lastKnownFileType = sourcecode.swift; path = MockFingerprintManagerTests.swift; sourceTree = "<group>"; };
		344EA71571584F2C920DA6F4 /* PreferencesStoreTests.swift */ = {isa = PBXFileReference; lastKnownFileType = sourcecode.swift; path = PreferencesStoreTests.swift; sourceTree = "<group>"; };
		73EC2F64DFE64FEEB98B8DBD /* SecondSpaceEngineTests.swift */ = {isa = PBXFileReference; lastKnownFileType = sourcecode.swift; path = SecondSpaceEngineTests.swift; sourceTree = "<group>"; };
		B3A7C5E5095346EFB1EE5C47 /* SystemIntegrationEngineTests.swift */ = {isa = PBXFileReference; lastKnownFileType = sourcecode.swift; path = SystemIntegrationEngineTests.swift; sourceTree = "<group>"; };
		A6EFA0B4C55A436DAFB84EEB /* Info.plist */ = {isa = PBXFileReference; lastKnownFileType = text.plist.xml; path = Info.plist; sourceTree = "<group>"; };
		02521CAC254B4569A7A715FF /* Assets.xcassets */ = {isa = PBXFileReference; lastKnownFileType = folder.assetcatalog; path = Assets.xcassets; sourceTree = "<group>"; };
		2A69DD719E02403E9F5FEDE6 /* DreamTweaks.app */ = {isa = PBXFileReference; explicitFileType = wrapper.application; includeInIndex = 0; path = DreamTweaks.app; sourceTree = BUILT_PRODUCTS_DIR; };
		7370439B30F34A839F6ED778 /* DreamTweaksTests.xctest */ = {isa = PBXFileReference; explicitFileType = wrapper.cfbundle; includeInIndex = 0; path = DreamTweaksTests.xctest; sourceTree = BUILT_PRODUCTS_DIR; };
/* End PBXFileReference section */

/* Begin PBXFrameworksBuildPhase section */
		6AE180B285C5444B9588DBC9 /* Frameworks */ = {
			isa = PBXFrameworksBuildPhase;
			buildActionMask = 2147483647;
			files = (
			);
			runOnlyForDeploymentPostprocessing = 0;
		};
		18A049B614A542038BE40FA8 /* Frameworks */ = {
			isa = PBXFrameworksBuildPhase;
			buildActionMask = 2147483647;
			files = (
			);
			runOnlyForDeploymentPostprocessing = 0;
		};
/* End PBXFrameworksBuildPhase section */

/* Begin PBXGroup section */
		4B0DB4EC8A0E48398303CCE6 /* App */ = {
			isa = PBXGroup;
			children = (
				19D9EAE0D911440F8BFAF48E /* AppState.swift */,
				ADEF0E9471284018B23D3C35 /* DreamTweaksApp.swift */,
				F3FAEB755B2949E9A25404E2 /* MainTabView.swift */,
			);
			path = App;
			sourceTree = "<group>";
		};
		43A0B5C25DF049AD91DB5788 /* Models */ = {
			isa = PBXGroup;
			children = (
				CB0982DB071146F885CDD0C2 /* AppearanceMode.swift */,
				9A7B879D23474EE6A35C5B4C /* FingerprintModels.swift */,
				CC7DE621C2FD45B18D68CA3E /* PeninsulaModels.swift */,
				968EB2C1A151414FAF095D1B /* PreferencesModels.swift */,
				4D8AABE17FAE402FA105AB8F /* SecondSpaceModels.swift */,
			);
			path = Models;
			sourceTree = "<group>";
		};
		50B3EE924E9C495983365C27 /* Services */ = {
			isa = PBXGroup;
			children = (
				51A16CD839294EBA9A017DAE /* DynamicPeninsulaEngine.swift */,
				74744D04FA5C4879A169EAB0 /* HapticsService.swift */,
				F4707E4D1DE243BB9B6972CD /* MockFingerprintManager.swift */,
				977A0478784B4F2AB7E5E17F /* SecondSpaceEngine.swift */,
				1272C8F3F8544C0FB242A9DF /* SimulatedSystemEventService.swift */,
				F0532E832A3742BDB9A90064 /* SystemIntegrationEngine.swift */,
			);
			path = Services;
			sourceTree = "<group>";
		};
		E421930A05B74DEFAE5D38A6 /* Storage */ = {
			isa = PBXGroup;
			children = (
				06079183F22C42DB8B63745A /* PreferencesStore.swift */,
			);
			path = Storage;
			sourceTree = "<group>";
		};
		BC54DCB852364B65B9ED97DC /* UI */ = {
			isa = PBXGroup;
			children = (
				A6152447FB684CE4BB57BB72 /* DeviceLayout.swift */,
			);
			path = UI;
			sourceTree = "<group>";
		};
		78A85A22BF1948A39FCCA368 /* Core */ = {
			isa = PBXGroup;
			children = (
				43A0B5C25DF049AD91DB5788 /* Models */,
				50B3EE924E9C495983365C27 /* Services */,
				E421930A05B74DEFAE5D38A6 /* Storage */,
				BC54DCB852364B65B9ED97DC /* UI */,
			);
			path = Core;
			sourceTree = "<group>";
		};
		4987452A7D83401798F0BD81 /* DynamicPeninsula */ = {
			isa = PBXGroup;
			children = (
				04CAEEF86D6A4E05B18C3590 /* DynamicPeninsulaOverlay.swift */,
			);
			path = DynamicPeninsula;
			sourceTree = "<group>";
		};
		5489B3C15CA349C98C2B4E89 /* Fingerprint */ = {
			isa = PBXGroup;
			children = (
				39984EC2D7644380AA3AB02E /* FingerprintTestSensorView.swift */,
				1C9A0C35950541C1BE134ADE /* LockScreenDemoView.swift */,
				DE3971CDB74C44C78ED6F95C /* MockFingerprintSensor.swift */,
				DEB79A1632AB480EAC7852EF /* MockFingerprintView.swift */,
				1C020C0682334DB7ABCE7461 /* SensorPositionEditorView.swift */,
			);
			path = Fingerprint;
			sourceTree = "<group>";
		};
		267A1FBBA879443DB89A149C /* Home */ = {
			isa = PBXGroup;
			children = (
				BCE9E810395D43298352BE95 /* HomeView.swift */,
			);
			path = Home;
			sourceTree = "<group>";
		};
		EAE389A1FBC3459FB67AC3F2 /* SecondSpace */ = {
			isa = PBXGroup;
			children = (
				88D1280CB6DD46D9A9A5103D /* SecondSpaceView.swift */,
			);
			path = SecondSpace;
			sourceTree = "<group>";
		};
		CD1095110B5343B9938E4E90 /* Settings */ = {
			isa = PBXGroup;
			children = (
				A6555FE1B6B647E9A6F0A71D /* AnimationSettingsView.swift */,
				68AB42ACEAD94A859E972682 /* AppearanceSettingsView.swift */,
				27028841CDED49DF88C739B8 /* DynamicPeninsulaSettingsView.swift */,
				666B86EE26374DF697E01D7E /* FingerprintSettingsView.swift */,
				F53EFA8AEA814B72A1F8F85D /* PrivacySettingsView.swift */,
				0170F752F1214989B8B38E2E /* SecondSpaceSettingsView.swift */,
				7F3BA2DCF73549E5A5D185BA /* SettingsRootView.swift */,
			);
			path = Settings;
			sourceTree = "<group>";
		};
		2745D054E0F345D2A1DAD193 /* Setup */ = {
			isa = PBXGroup;
			children = (
				17C7A23D9BDC49E5B749C316 /* SetupFlowView.swift */,
				9631134BDD6D4C618C69F4B0 /* SetupPages.swift */,
			);
			path = Setup;
			sourceTree = "<group>";
		};
		71EDE4AD16984E1CBC0A5881 /* TestLab */ = {
			isa = PBXGroup;
			children = (
				E1E7BE9D0BA54A859226F03E /* TestLabView.swift */,
			);
			path = TestLab;
			sourceTree = "<group>";
		};
		4ED41A7922564C4BB920826D /* Features */ = {
			isa = PBXGroup;
			children = (
				4987452A7D83401798F0BD81 /* DynamicPeninsula */,
				5489B3C15CA349C98C2B4E89 /* Fingerprint */,
				267A1FBBA879443DB89A149C /* Home */,
				EAE389A1FBC3459FB67AC3F2 /* SecondSpace */,
				CD1095110B5343B9938E4E90 /* Settings */,
				2745D054E0F345D2A1DAD193 /* Setup */,
				71EDE4AD16984E1CBC0A5881 /* TestLab */,
			);
			path = Features;
			sourceTree = "<group>";
		};
		1762C4B0BCAC4A26B54B0A0A /* DreamTweaks */ = {
			isa = PBXGroup;
			children = (
				1D3CE5B34FC94990BD76A676 /* Resources */,
				4B0DB4EC8A0E48398303CCE6 /* App */,
				78A85A22BF1948A39FCCA368 /* Core */,
				4ED41A7922564C4BB920826D /* Features */,
			);
			path = DreamTweaks;
			sourceTree = "<group>";
		};
		2AA7F9BDE8D743CD90EEC76D /* DreamTweaksTests */ = {
			isa = PBXGroup;
			children = (
				F04D9B82503243CAA8196564 /* DynamicPeninsulaEngineTests.swift */,
				FDCB674CE2AE43D9AA256FEE /* MockFingerprintManagerTests.swift */,
				344EA71571584F2C920DA6F4 /* PreferencesStoreTests.swift */,
				73EC2F64DFE64FEEB98B8DBD /* SecondSpaceEngineTests.swift */,
				B3A7C5E5095346EFB1EE5C47 /* SystemIntegrationEngineTests.swift */,
			);
			path = DreamTweaksTests;
			sourceTree = "<group>";
		};
		1D3CE5B34FC94990BD76A676 /* Resources */ = {
			isa = PBXGroup;
			children = (
				A6EFA0B4C55A436DAFB84EEB /* Info.plist */,
				02521CAC254B4569A7A715FF /* Assets.xcassets */,
			);
			path = Resources;
			sourceTree = "<group>";
		};
		D819F442231E4F2399AFC400 /* Products */ = {
			isa = PBXGroup;
			children = (
				2A69DD719E02403E9F5FEDE6 /* DreamTweaks.app */,
				7370439B30F34A839F6ED778 /* DreamTweaksTests.xctest */,
			);
			name = Products;
			sourceTree = "<group>";
		};
		A5673ECB27824CDDAA5E7023 = {
			isa = PBXGroup;
			children = (
				1762C4B0BCAC4A26B54B0A0A /* DreamTweaks */,
				2AA7F9BDE8D743CD90EEC76D /* DreamTweaksTests */,
				D819F442231E4F2399AFC400 /* Products */,
			);
			sourceTree = "<group>";
		};
/* End PBXGroup section */

/* Begin PBXNativeTarget section */
		E24045005D4C428F8A29C5FA /* DreamTweaks */ = {
			isa = PBXNativeTarget;
			buildConfigurationList = DCDABD5B78864145A4877BD7 /* Build configuration list for PBXNativeTarget "DreamTweaks" */;
			buildPhases = (
				8D087A644A714F6684AD0D83 /* Sources */,
				6AE180B285C5444B9588DBC9 /* Frameworks */,
				0681561D390B4F0984489926 /* Resources */,
			);
			buildRules = (
			);
			dependencies = (
			);
			name = DreamTweaks;
			productName = DreamTweaks;
			productReference = 2A69DD719E02403E9F5FEDE6 /* DreamTweaks.app */;
			productType = "com.apple.product-type.application";
		};
		9A836F80F99D484987BC0586 /* DreamTweaksTests */ = {
			isa = PBXNativeTarget;
			buildConfigurationList = E665B4CF90B84620A77D689B /* Build configuration list for PBXNativeTarget "DreamTweaksTests" */;
			buildPhases = (
				2581CB94B4E94E958AC6B92B /* Sources */,
				18A049B614A542038BE40FA8 /* Frameworks */,
				781B5CBF6EC94ABF8FEAB1AA /* Resources */,
			);
			buildRules = (
			);
			dependencies = (
				34DE6DAC17814D11B35E411F /* PBXTargetDependency */,
			);
			name = DreamTweaksTests;
			productName = DreamTweaksTests;
			productReference = 7370439B30F34A839F6ED778 /* DreamTweaksTests.xctest */;
			productType = "com.apple.product-type.bundle.unit-test";
		};
/* End PBXNativeTarget section */

/* Begin PBXProject section */
		58B3C73E0F874521952B2A33 /* Project object */ = {
			isa = PBXProject;
			attributes = {
				BuildIndependentTargetsInParallel = 1;
				LastSwiftUpdateCheck = 1520;
				LastUpgradeCheck = 1520;
				TargetAttributes = {
					E24045005D4C428F8A29C5FA = {
						CreatedOnToolsVersion = 15.2;
					};
					9A836F80F99D484987BC0586 = {
						CreatedOnToolsVersion = 15.2;
						TestTargetID = E24045005D4C428F8A29C5FA;
					};
				};
			};
			buildConfigurationList = 08EFA8881E32418DBD7D6AAB /* Build configuration list for PBXProject "DreamTweaks" */;
			compatibilityVersion = "Xcode 14.0";
			developmentRegion = en;
			hasScannedForEncodings = 0;
			knownRegions = (
				en,
				Base,
			);
			mainGroup = A5673ECB27824CDDAA5E7023;
			productRefGroup = D819F442231E4F2399AFC400 /* Products */;
			projectDirPath = "";
			projectRoot = "";
			targets = (
				E24045005D4C428F8A29C5FA /* DreamTweaks */,
				9A836F80F99D484987BC0586 /* DreamTweaksTests */,
			);
		};
/* End PBXProject section */

/* Begin PBXResourcesBuildPhase section */
		0681561D390B4F0984489926 /* Resources */ = {
			isa = PBXResourcesBuildPhase;
			buildActionMask = 2147483647;
			files = (
				88EDDAE2CCF3415CA99D37FE /* Assets.xcassets in Resources */,
			);
			runOnlyForDeploymentPostprocessing = 0;
		};
		781B5CBF6EC94ABF8FEAB1AA /* Resources */ = {
			isa = PBXResourcesBuildPhase;
			buildActionMask = 2147483647;
			files = (
			);
			runOnlyForDeploymentPostprocessing = 0;
		};
/* End PBXResourcesBuildPhase section */

/* Begin PBXSourcesBuildPhase section */
		8D087A644A714F6684AD0D83 /* Sources */ = {
			isa = PBXSourcesBuildPhase;
			buildActionMask = 2147483647;
			files = (
		E3FAE16F125242BD97EC6D80 /* AppState.swift in Sources */,
		4A7E826A244F4035821BAE82 /* DreamTweaksApp.swift in Sources */,
		EA57228127654AA7AED46452 /* MainTabView.swift in Sources */,
		D990980ACD8140B18DDBD4AB /* AppearanceMode.swift in Sources */,
		AB0C04BF657B431DBF270AFA /* FingerprintModels.swift in Sources */,
		3F6DB578771B4C97A790957E /* PeninsulaModels.swift in Sources */,
		4A7C01DFF8B242ABB29B5743 /* PreferencesModels.swift in Sources */,
		14B12510AB3348FE83992B0D /* SecondSpaceModels.swift in Sources */,
		C02793BCCCF048848296ACE8 /* DynamicPeninsulaEngine.swift in Sources */,
		DA15EFEF95ED4C26AA343951 /* HapticsService.swift in Sources */,
		F70A8839DED946398D59E654 /* MockFingerprintManager.swift in Sources */,
		CEBFBA98EA16461FBEF7E2C2 /* SecondSpaceEngine.swift in Sources */,
		432886AB11504AB78F9D8690 /* SimulatedSystemEventService.swift in Sources */,
		8EF2B3329F5A4E7C90B0E835 /* SystemIntegrationEngine.swift in Sources */,
		4F4809FDFAE54456BE5EB41A /* PreferencesStore.swift in Sources */,
		51A0C6227D254A76BBA87F4D /* DeviceLayout.swift in Sources */,
		1180956019F8461CB84610D6 /* DynamicPeninsulaOverlay.swift in Sources */,
		AC08C6D5068C437E9465AC98 /* FingerprintTestSensorView.swift in Sources */,
		7080B726FE6D4739BB2AADB1 /* LockScreenDemoView.swift in Sources */,
		421ADD0B23484EBD8843AC19 /* MockFingerprintSensor.swift in Sources */,
		5F63F5150DE04CEBA3A9DB54 /* MockFingerprintView.swift in Sources */,
		43DC64E93DEB40B3B6CE8423 /* SensorPositionEditorView.swift in Sources */,
		A90D161833FA4890861DE267 /* HomeView.swift in Sources */,
		77F2556488C042AF8CE5730D /* SecondSpaceView.swift in Sources */,
		400A7EFB89654362BE604F69 /* AnimationSettingsView.swift in Sources */,
		E42E218267334580861C3033 /* AppearanceSettingsView.swift in Sources */,
		8362F9C6EF7344D09FAC174C /* DynamicPeninsulaSettingsView.swift in Sources */,
		790ECE0A45064A0E8959DE77 /* FingerprintSettingsView.swift in Sources */,
		3A1B41569B0C47B5A5D71D18 /* PrivacySettingsView.swift in Sources */,
		0B4D00CDDBA94574B9A61351 /* SecondSpaceSettingsView.swift in Sources */,
		609CB83FE4494C0EA0E78193 /* SettingsRootView.swift in Sources */,
		5A091BFC0E77492B806A5253 /* SetupFlowView.swift in Sources */,
		7A9C33C15ECF45B3A06B3463 /* SetupPages.swift in Sources */,
		D66EF496659C4029BDB54DEF /* TestLabView.swift in Sources */,
			);
			runOnlyForDeploymentPostprocessing = 0;
		};
		2581CB94B4E94E958AC6B92B /* Sources */ = {
			isa = PBXSourcesBuildPhase;
			buildActionMask = 2147483647;
			files = (
		D9180B9639D34B29B06706E1 /* DynamicPeninsulaEngineTests.swift in Sources */,
		DC4BCB3DB59D4D68A113A467 /* MockFingerprintManagerTests.swift in Sources */,
		824249461CF544D9B56CE7DB /* PreferencesStoreTests.swift in Sources */,
		8E1CEF52F9CF4E959E5A717E /* SecondSpaceEngineTests.swift in Sources */,
		3438AF9970FE48E1A273A73F /* SystemIntegrationEngineTests.swift in Sources */,
			);
			runOnlyForDeploymentPostprocessing = 0;
		};
/* End PBXSourcesBuildPhase section */

/* Begin PBXTargetDependency section */
		34DE6DAC17814D11B35E411F /* PBXTargetDependency */ = {
			isa = PBXTargetDependency;
			target = E24045005D4C428F8A29C5FA /* DreamTweaks */;
			targetProxy = 9392E71785CA4F1C9C13AB1C /* PBXContainerItemProxy */;
		};
/* End PBXTargetDependency section */

/* Begin XCBuildConfiguration section */
		D8BEC843A7954872945CAD47 /* Debug */ = {
			isa = XCBuildConfiguration;
			buildSettings = {
				ALWAYS_SEARCH_USER_PATHS = NO;
				CLANG_ANALYZER_NONNULL = YES;
				CLANG_ANALYZER_NUMBER_OBJECT_CONVERSION = YES_AGGRESSIVE;
				CLANG_CXX_LANGUAGE_STANDARD = "gnu++20";
				CLANG_ENABLE_MODULES = YES;
				CLANG_ENABLE_OBJC_ARC = YES;
				CLANG_ENABLE_OBJC_WEAK = YES;
				CLANG_WARN_BLOCK_CAPTURE_AUTORELEASING = YES;
				CLANG_WARN_BOOL_CONVERSION = YES;
				CLANG_WARN_COMMA = YES;
				CLANG_WARN_CONSTANT_CONVERSION = YES;
				CLANG_WARN_DEPRECATED_OBJC_IMPLEMENTATIONS = YES;
				CLANG_WARN_DIRECT_OBJC_ISA_USAGE = YES_ERROR;
				CLANG_WARN_DOCUMENTATION_COMMENTS = YES;
				CLANG_WARN_EMPTY_BODY = YES;
				CLANG_WARN_ENUM_CONVERSION = YES;
				CLANG_WARN_INFINITE_RECURSION = YES;
				CLANG_WARN_INT_CONVERSION = YES;
				CLANG_WARN_NON_LITERAL_NULL_CONVERSION = YES;
				CLANG_WARN_OBJC_IMPLICIT_RETAIN_SELF = YES;
				CLANG_WARN_OBJC_LITERAL_CONVERSION = YES;
				CLANG_WARN_OBJC_ROOT_CLASS = YES_ERROR;
				CLANG_WARN_QUOTED_INCLUDE_IN_FRAMEWORK_HEADER = YES;
				CLANG_WARN_RANGE_LOOP_ANALYSIS = YES;
				CLANG_WARN_STRICT_PROTOTYPES = YES;
				CLANG_WARN_SUSPICIOUS_MOVE = YES;
				CLANG_WARN_UNGUARDED_AVAILABILITY = YES_AGGRESSIVE;
				CLANG_WARN_UNREACHABLE_CODE = YES;
				CLANG_WARN__DUPLICATE_METHOD_MATCH = YES;
				COPY_PHASE_STRIP = NO;
				DEBUG_INFORMATION_FORMAT = dwarf;
				ENABLE_STRICT_OBJC_MSGSEND = YES;
				ENABLE_TESTABILITY = YES;
				GCC_C_LANGUAGE_STANDARD = gnu17;
				GCC_DYNAMIC_NO_PIC = NO;
				GCC_NO_COMMON_BLOCKS = YES;
				GCC_OPTIMIZATION_LEVEL = 0;
				GCC_PREPROCESSOR_DEFINITIONS = (
					"DEBUG=1",
					"$(inherited)",
				);
				GCC_WARN_64_TO_32_BIT_CONVERSION = YES;
				GCC_WARN_ABOUT_RETURN_TYPE = YES_ERROR;
				GCC_WARN_UNDECLARED_SELECTOR = YES;
				GCC_WARN_UNINITIALIZED_AUTOS = YES_AGGRESSIVE;
				GCC_WARN_UNUSED_FUNCTION = YES;
				GCC_WARN_UNUSED_VARIABLE = YES;
				IPHONEOS_DEPLOYMENT_TARGET = 16.0;
				MTL_ENABLE_DEBUG_INFO = INCLUDE_SOURCE;
				MTL_FAST_MATH = YES;
				ONLY_ACTIVE_ARCH = YES;
				SDKROOT = iphoneos;
				SWIFT_ACTIVE_COMPILATION_CONDITIONS = DEBUG;
				SWIFT_OPTIMIZATION_LEVEL = "-Onone";
				SWIFT_VERSION = 5.0;
				TARGETED_DEVICE_FAMILY = 1;
			};
			name = Debug;
		};
		45C24DAF65EC4284A926C92A /* Release */ = {
			isa = XCBuildConfiguration;
			buildSettings = {
				ALWAYS_SEARCH_USER_PATHS = NO;
				CLANG_ANALYZER_NONNULL = YES;
				CLANG_ANALYZER_NUMBER_OBJECT_CONVERSION = YES_AGGRESSIVE;
				CLANG_CXX_LANGUAGE_STANDARD = "gnu++20";
				CLANG_ENABLE_MODULES = YES;
				CLANG_ENABLE_OBJC_ARC = YES;
				CLANG_ENABLE_OBJC_WEAK = YES;
				CLANG_WARN_BLOCK_CAPTURE_AUTORELEASING = YES;
				CLANG_WARN_BOOL_CONVERSION = YES;
				CLANG_WARN_COMMA = YES;
				CLANG_WARN_CONSTANT_CONVERSION = YES;
				CLANG_WARN_DEPRECATED_OBJC_IMPLEMENTATIONS = YES;
				CLANG_WARN_DIRECT_OBJC_ISA_USAGE = YES_ERROR;
				CLANG_WARN_DOCUMENTATION_COMMENTS = YES;
				CLANG_WARN_EMPTY_BODY = YES;
				CLANG_WARN_ENUM_CONVERSION = YES;
				CLANG_WARN_INFINITE_RECURSION = YES;
				CLANG_WARN_INT_CONVERSION = YES;
				CLANG_WARN_NON_LITERAL_NULL_CONVERSION = YES;
				CLANG_WARN_OBJC_IMPLICIT_RETAIN_SELF = YES;
				CLANG_WARN_OBJC_LITERAL_CONVERSION = YES;
				CLANG_WARN_OBJC_ROOT_CLASS = YES_ERROR;
				CLANG_WARN_QUOTED_INCLUDE_IN_FRAMEWORK_HEADER = YES;
				CLANG_WARN_RANGE_LOOP_ANALYSIS = YES;
				CLANG_WARN_STRICT_PROTOTYPES = YES;
				CLANG_WARN_SUSPICIOUS_MOVE = YES;
				CLANG_WARN_UNGUARDED_AVAILABILITY = YES_AGGRESSIVE;
				CLANG_WARN_UNREACHABLE_CODE = YES;
				CLANG_WARN__DUPLICATE_METHOD_MATCH = YES;
				COPY_PHASE_STRIP = NO;
				DEBUG_INFORMATION_FORMAT = "dwarf-with-dsym";
				ENABLE_NS_ASSERTIONS = NO;
				ENABLE_STRICT_OBJC_MSGSEND = YES;
				GCC_C_LANGUAGE_STANDARD = gnu17;
				GCC_NO_COMMON_BLOCKS = YES;
				GCC_WARN_64_TO_32_BIT_CONVERSION = YES;
				GCC_WARN_ABOUT_RETURN_TYPE = YES_ERROR;
				GCC_WARN_UNDECLARED_SELECTOR = YES;
				GCC_WARN_UNINITIALIZED_AUTOS = YES_AGGRESSIVE;
				GCC_WARN_UNUSED_FUNCTION = YES;
				GCC_WARN_UNUSED_VARIABLE = YES;
				IPHONEOS_DEPLOYMENT_TARGET = 16.0;
				MTL_ENABLE_DEBUG_INFO = NO;
				MTL_FAST_MATH = YES;
				SDKROOT = iphoneos;
				SWIFT_COMPILATION_MODE = wholemodule;
				SWIFT_VERSION = 5.0;
				TARGETED_DEVICE_FAMILY = 1;
				VALIDATE_PRODUCT = YES;
			};
			name = Release;
		};
		77B9B5BAFC3043C39A5029C8 /* Debug */ = {
			isa = XCBuildConfiguration;
			buildSettings = {
				ASSETCATALOG_COMPILER_APPICON_NAME = AppIcon;
				ASSETCATALOG_COMPILER_GLOBAL_ACCENT_COLOR_NAME = AccentColor;
				CODE_SIGN_STYLE = Automatic;
				CURRENT_PROJECT_VERSION = 1;
				GENERATE_INFOPLIST_FILE = NO;
				INFOPLIST_FILE = DreamTweaks/Resources/Info.plist;
				INFOPLIST_KEY_UILaunchScreen_Generation = YES;
				LD_RUNPATH_SEARCH_PATHS = (
					"$(inherited)",
					"@executable_path/Frameworks",
				);
				MARKETING_VERSION = 1.0;
				PRODUCT_BUNDLE_IDENTIFIER = com.dreamtweaks.app;
				PRODUCT_NAME = "$(TARGET_NAME)";
				SUPPORTS_MACCATALYST = NO;
				SWIFT_EMIT_LOC_STRINGS = YES;
				SWIFT_VERSION = 5.0;
				TARGETED_DEVICE_FAMILY = 1;
			};
			name = Debug;
		};
		7BBE7C4CE60948EBAE0AE1B6 /* Release */ = {
			isa = XCBuildConfiguration;
			buildSettings = {
				ASSETCATALOG_COMPILER_APPICON_NAME = AppIcon;
				ASSETCATALOG_COMPILER_GLOBAL_ACCENT_COLOR_NAME = AccentColor;
				CODE_SIGN_STYLE = Automatic;
				CURRENT_PROJECT_VERSION = 1;
				GENERATE_INFOPLIST_FILE = NO;
				INFOPLIST_FILE = DreamTweaks/Resources/Info.plist;
				INFOPLIST_KEY_UILaunchScreen_Generation = YES;
				LD_RUNPATH_SEARCH_PATHS = (
					"$(inherited)",
					"@executable_path/Frameworks",
				);
				MARKETING_VERSION = 1.0;
				PRODUCT_BUNDLE_IDENTIFIER = com.dreamtweaks.app;
				PRODUCT_NAME = "$(TARGET_NAME)";
				SUPPORTS_MACCATALYST = NO;
				SWIFT_EMIT_LOC_STRINGS = YES;
				SWIFT_VERSION = 5.0;
				TARGETED_DEVICE_FAMILY = 1;
			};
			name = Release;
		};
		6983A9A81EED45D5B9F3DA79 /* Debug */ = {
			isa = XCBuildConfiguration;
			buildSettings = {
				BUNDLE_LOADER = "$(TEST_HOST)";
				CODE_SIGN_STYLE = Automatic;
				CURRENT_PROJECT_VERSION = 1;
				GENERATE_INFOPLIST_FILE = YES;
				MARKETING_VERSION = 1.0;
				PRODUCT_BUNDLE_IDENTIFIER = com.dreamtweaks.app.tests;
				PRODUCT_NAME = "$(TARGET_NAME)";
				SWIFT_EMIT_LOC_STRINGS = NO;
				SWIFT_VERSION = 5.0;
				TARGETED_DEVICE_FAMILY = 1;
				TEST_HOST = "$(BUILT_PRODUCTS_DIR)/DreamTweaks.app/DreamTweaks";
			};
			name = Debug;
		};
		F13DAAF5AA9B477092860CD5 /* Release */ = {
			isa = XCBuildConfiguration;
			buildSettings = {
				BUNDLE_LOADER = "$(TEST_HOST)";
				CODE_SIGN_STYLE = Automatic;
				CURRENT_PROJECT_VERSION = 1;
				GENERATE_INFOPLIST_FILE = YES;
				MARKETING_VERSION = 1.0;
				PRODUCT_BUNDLE_IDENTIFIER = com.dreamtweaks.app.tests;
				PRODUCT_NAME = "$(TARGET_NAME)";
				SWIFT_EMIT_LOC_STRINGS = NO;
				SWIFT_VERSION = 5.0;
				TARGETED_DEVICE_FAMILY = 1;
				TEST_HOST = "$(BUILT_PRODUCTS_DIR)/DreamTweaks.app/DreamTweaks";
			};
			name = Release;
		};
/* End XCBuildConfiguration section */

/* Begin XCConfigurationList section */
		08EFA8881E32418DBD7D6AAB /* Build configuration list for PBXProject "DreamTweaks" */ = {
			isa = XCConfigurationList;
			buildConfigurations = (
				D8BEC843A7954872945CAD47 /* Debug */,
				45C24DAF65EC4284A926C92A /* Release */,
			);
			defaultConfigurationIsVisible = 0;
			defaultConfigurationName = Release;
		};
		DCDABD5B78864145A4877BD7 /* Build configuration list for PBXNativeTarget "DreamTweaks" */ = {
			isa = XCConfigurationList;
			buildConfigurations = (
				77B9B5BAFC3043C39A5029C8 /* Debug */,
				7BBE7C4CE60948EBAE0AE1B6 /* Release */,
			);
			defaultConfigurationIsVisible = 0;
			defaultConfigurationName = Release;
		};
		E665B4CF90B84620A77D689B /* Build configuration list for PBXNativeTarget "DreamTweaksTests" */ = {
			isa = XCConfigurationList;
			buildConfigurations = (
				6983A9A81EED45D5B9F3DA79 /* Debug */,
				F13DAAF5AA9B477092860CD5 /* Release */,
			);
			defaultConfigurationIsVisible = 0;
			defaultConfigurationName = Release;
		};
/* End XCConfigurationList section */
	};
	rootObject = 58B3C73E0F874521952B2A33 /* Project object */;
}
